github.com/tidwall/gjson v1.19.0 h1:xwxm7n691Uf3u5OFjzngavjGTh55KX5q/9w9xHW88JU=
github.com/tidwall/gjson v1.19.0/go.mod h1:V37/opeE/JbLUOfH0QTXiNez2l0RUjYUhpT4szFQAfc=
github.com/tidwall/match v1.1.1 h1:+Ho715JplO36QYgwN9PGYNhgZvoUSc9X2c80KVTi+GA=
github.com/tidwall/match v1.1.1/go.mod h1:eRSPERbgtNPcGhD8UCthc6PmLEQXEWd3PRB5JTxsfmM=
github.com/tidwall/pretty v1.2.0 h1:RWIZEg2iJ8/g6fDDYzMpobmaoGh5OLl4AXtGUGPcqCs=
github.com/tidwall/pretty v1.2.0/go.mod h1:ITEVvHYasfjBbM0u2Pg8T2nJnzm8xPwvNhhsoaGGjNU=
github.com/uber/h3-go/v4 v4.4.1 h1:O6Vnv1I+tq8f89AnYtb5FcYtK6dBC1X0RePFZ5YW5/U=
github.com/uber/h3-go/v4 v4.4.1/go.mod h1:19vfSV5HQsnRZev7V0SPmTkVSZErL7/io8M/nx+++30=
nhooyr.io/websocket v1.8.17 h1:KEVeLJkUywCKVsnLIDlD/5gtayKp8VoCkksHCGGfT9Y=
nhooyr.io/websocket v1.8.17/go.mod h1:rN9OFWIUwuxg4fR5tELlYC04bXYowCP9GX47ivo2l+c=
